
Microsoft Visual Studio Solution File, Format Version 12.00
# Visual Studio Version 17
VisualStudioVersion = 17.13.35825.156 d17.13
MinimumVisualStudioVersion = 10.0.40219.1
Project("{FAE04EC0-301F-11D3-BF4B-00C04F79EFBC}") = "matrix", "matrix\matrix.csproj", "{357CCA6A-6A38-4196-B763-5BED6DA68B0B}"
EndProject
Global
	GlobalSection(SolutionConfigurationPlatforms) = preSolution
		Debug|Any CPU = Debug|Any CPU
		Release|Any CPU = Release|Any CPU
	EndGlobalSection
	GlobalSection(ProjectConfigurationPlatforms) = postSolution
		{357CCA6A-6A38-4196-B763-5BED6DA68B0B}.Debug|Any CPU.ActiveCfg = Debug|Any CPU
		{357CCA6A-6A38-4196-B763-5BED6DA68B0B}.Debug|Any CPU.Build.0 = Debug|Any CPU
		{357CCA6A-6A38-4196-B763-5BED6DA68B0B}.Release|Any CPU.ActiveCfg = Release|Any CPU
		{357CCA6A-6A38-4196-B763-5BED6DA68B0B}.Release|Any CPU.Build.0 = Release|Any CPU
	EndGlobalSection
	GlobalSection(SolutionProperties) = preSolution
		HideSolutionNode = FALSE
	EndGlobalSection
	GlobalSection(ExtensibilityGlobals) = postSolution
		SolutionGuid = {CE6F380A-3833-4093-AA5F-865E5E2E3FDA}
	EndGlobalSection
EndGlobal
