
Microsoft Visual Studio Solution File, Format Version 12.00
# Visual Studio Version 16
VisualStudioVersion = 16.0.35325.158
MinimumVisualStudioVersion = 10.0.40219.1
Project("{8BC9CEB8-8B4A-11D0-8D11-00A0C91BC942}") = "лаба3 циклы", "лаба3 циклы\лаба3 циклы.vcxproj", "{8F19C193-8756-4EE1-822C-C609C5963078}"
EndProject
Global
	GlobalSection(SolutionConfigurationPlatforms) = preSolution
		Debug|x64 = Debug|x64
		Debug|x86 = Debug|x86
		Release|x64 = Release|x64
		Release|x86 = Release|x86
	EndGlobalSection
	GlobalSection(ProjectConfigurationPlatforms) = postSolution
		{8F19C193-8756-4EE1-822C-C609C5963078}.Debug|x64.ActiveCfg = Debug|x64
		{8F19C193-8756-4EE1-822C-C609C5963078}.Debug|x64.Build.0 = Debug|x64
		{8F19C193-8756-4EE1-822C-C609C5963078}.Debug|x86.ActiveCfg = Debug|Win32
		{8F19C193-8756-4EE1-822C-C609C5963078}.Debug|x86.Build.0 = Debug|Win32
		{8F19C193-8756-4EE1-822C-C609C5963078}.Release|x64.ActiveCfg = Release|x64
		{8F19C193-8756-4EE1-822C-C609C5963078}.Release|x64.Build.0 = Release|x64
		{8F19C193-8756-4EE1-822C-C609C5963078}.Release|x86.ActiveCfg = Release|Win32
		{8F19C193-8756-4EE1-822C-C609C5963078}.Release|x86.Build.0 = Release|Win32
	EndGlobalSection
	GlobalSection(SolutionProperties) = preSolution
		HideSolutionNode = FALSE
	EndGlobalSection
	GlobalSection(ExtensibilityGlobals) = postSolution
		SolutionGuid = {C0F26B8F-1EB3-4347-95DC-FE7CF1D33F2A}
	EndGlobalSection
EndGlobal
