
Microsoft Visual Studio Solution File, Format Version 12.00
# Visual Studio Version 17
VisualStudioVersion = 17.12.35527.113 d17.12
MinimumVisualStudioVersion = 10.0.40219.1
Project("{FAE04EC0-301F-11D3-BF4B-00C04F79EFBC}") = "max and min element of an array", "max and min element of an array\max and min element of an array.csproj", "{84D709FE-FE6B-42BC-909F-7C965094366C}"
EndProject
Project("{FAE04EC0-301F-11D3-BF4B-00C04F79EFBC}") = "maximum and minimum element of an array draft", "maximum and minimum element of an array draft\maximum and minimum element of an array draft.csproj", "{B5D49E76-BDD3-4293-9041-BE361C62BCC7}"
EndProject
Global
	GlobalSection(SolutionConfigurationPlatforms) = preSolution
		Debug|Any CPU = Debug|Any CPU
		Release|Any CPU = Release|Any CPU
	EndGlobalSection
	GlobalSection(ProjectConfigurationPlatforms) = postSolution
		{84D709FE-FE6B-42BC-909F-7C965094366C}.Debug|Any CPU.ActiveCfg = Debug|Any CPU
		{84D709FE-FE6B-42BC-909F-7C965094366C}.Debug|Any CPU.Build.0 = Debug|Any CPU
		{84D709FE-FE6B-42BC-909F-7C965094366C}.Release|Any CPU.ActiveCfg = Release|Any CPU
		{84D709FE-FE6B-42BC-909F-7C965094366C}.Release|Any CPU.Build.0 = Release|Any CPU
		{B5D49E76-BDD3-4293-9041-BE361C62BCC7}.Debug|Any CPU.ActiveCfg = Debug|Any CPU
		{B5D49E76-BDD3-4293-9041-BE361C62BCC7}.Debug|Any CPU.Build.0 = Debug|Any CPU
		{B5D49E76-BDD3-4293-9041-BE361C62BCC7}.Release|Any CPU.ActiveCfg = Release|Any CPU
		{B5D49E76-BDD3-4293-9041-BE361C62BCC7}.Release|Any CPU.Build.0 = Release|Any CPU
	EndGlobalSection
	GlobalSection(SolutionProperties) = preSolution
		HideSolutionNode = FALSE
	EndGlobalSection
EndGlobal
